PODS:
  - GSKStretchyHeaderView (1.0.4)

DEPENDENCIES:
  - GSKStretchyHeaderView

SPEC REPOS:
  https://github.com/cocoapods/specs.git:
    - GSKStretchyHeaderView

SPEC CHECKSUMS:
  GSKStretchyHeaderView: 9743704c12bdc9cf7c7947bad3af8bf24f7061e3

PODFILE CHECKSUM: 6137fb1cc5dc198fb24ca2eb51d36504f4c16386

COCOAPODS: 1.5.3
